
Microsoft Visual Studio Solution File, Format Version 12.00
# Visual Studio Version 16
VisualStudioVersion = 16.0.30517.126
MinimumVisualStudioVersion = 10.0.40219.1
Project("{FAE04EC0-301F-11D3-BF4B-00C04F79EFBC}") = "Controllers", "tpfinal\Controllers.csproj", "{C821AAC1-BD1E-4D6B-ABB4-6231D265DA54}"
EndProject
Project("{FAE04EC0-301F-11D3-BF4B-00C04F79EFBC}") = "Entities", "Entities\Entities.csproj", "{6C43B233-0E39-4D6D-AB5E-4BB4B8D36FAD}"
EndProject
Project("{FAE04EC0-301F-11D3-BF4B-00C04F79EFBC}") = "Services", "Services\Services.csproj", "{1638B34E-3014-45EA-8177-80CC557182CC}"
EndProject
Project("{FAE04EC0-301F-11D3-BF4B-00C04F79EFBC}") = "Data", "Data\Data.csproj", "{C7DD5052-D395-4538-9FE6-C100EF2EE20C}"
EndProject
Global
	GlobalSection(SolutionConfigurationPlatforms) = preSolution
		Debug|Any CPU = Debug|Any CPU
		Release|Any CPU = Release|Any CPU
	EndGlobalSection
	GlobalSection(ProjectConfigurationPlatforms) = postSolution
		{C821AAC1-BD1E-4D6B-ABB4-6231D265DA54}.Debug|Any CPU.ActiveCfg = Debug|Any CPU
		{C821AAC1-BD1E-4D6B-ABB4-6231D265DA54}.Debug|Any CPU.Build.0 = Debug|Any CPU
		{C821AAC1-BD1E-4D6B-ABB4-6231D265DA54}.Release|Any CPU.ActiveCfg = Release|Any CPU
		{C821AAC1-BD1E-4D6B-ABB4-6231D265DA54}.Release|Any CPU.Build.0 = Release|Any CPU
		{6C43B233-0E39-4D6D-AB5E-4BB4B8D36FAD}.Debug|Any CPU.ActiveCfg = Debug|Any CPU
		{6C43B233-0E39-4D6D-AB5E-4BB4B8D36FAD}.Debug|Any CPU.Build.0 = Debug|Any CPU
		{6C43B233-0E39-4D6D-AB5E-4BB4B8D36FAD}.Release|Any CPU.ActiveCfg = Release|Any CPU
		{6C43B233-0E39-4D6D-AB5E-4BB4B8D36FAD}.Release|Any CPU.Build.0 = Release|Any CPU
		{1638B34E-3014-45EA-8177-80CC557182CC}.Debug|Any CPU.ActiveCfg = Debug|Any CPU
		{1638B34E-3014-45EA-8177-80CC557182CC}.Debug|Any CPU.Build.0 = Debug|Any CPU
		{1638B34E-3014-45EA-8177-80CC557182CC}.Release|Any CPU.ActiveCfg = Release|Any CPU
		{1638B34E-3014-45EA-8177-80CC557182CC}.Release|Any CPU.Build.0 = Release|Any CPU
		{C7DD5052-D395-4538-9FE6-C100EF2EE20C}.Debug|Any CPU.ActiveCfg = Debug|Any CPU
		{C7DD5052-D395-4538-9FE6-C100EF2EE20C}.Debug|Any CPU.Build.0 = Debug|Any CPU
		{C7DD5052-D395-4538-9FE6-C100EF2EE20C}.Release|Any CPU.ActiveCfg = Release|Any CPU
		{C7DD5052-D395-4538-9FE6-C100EF2EE20C}.Release|Any CPU.Build.0 = Release|Any CPU
	EndGlobalSection
	GlobalSection(SolutionProperties) = preSolution
		HideSolutionNode = FALSE
	EndGlobalSection
	GlobalSection(ExtensibilityGlobals) = postSolution
		SolutionGuid = {D7C9A824-D514-4840-82BB-A2671D01EAA4}
	EndGlobalSection
EndGlobal
